
Microsoft Visual Studio Solution File, Format Version 12.00
# Visual Studio Version 17
VisualStudioVersion = 17.5.33516.290
MinimumVisualStudioVersion = 10.0.40219.1
Project("{FAE04EC0-301F-11D3-BF4B-00C04F79EFBC}") = "Problem4", "Problem4.csproj", "{57EF683C-2A56-4203-9193-93D325D3C23F}"
EndProject
Global
	GlobalSection(SolutionConfigurationPlatforms) = preSolution
		Debug|Any CPU = Debug|Any CPU
		Release|Any CPU = Release|Any CPU
	EndGlobalSection
	GlobalSection(ProjectConfigurationPlatforms) = postSolution
		{57EF683C-2A56-4203-9193-93D325D3C23F}.Debug|Any CPU.ActiveCfg = Debug|Any CPU
		{57EF683C-2A56-4203-9193-93D325D3C23F}.Debug|Any CPU.Build.0 = Debug|Any CPU
		{57EF683C-2A56-4203-9193-93D325D3C23F}.Release|Any CPU.ActiveCfg = Release|Any CPU
		{57EF683C-2A56-4203-9193-93D325D3C23F}.Release|Any CPU.Build.0 = Release|Any CPU
	EndGlobalSection
	GlobalSection(SolutionProperties) = preSolution
		HideSolutionNode = FALSE
	EndGlobalSection
	GlobalSection(ExtensibilityGlobals) = postSolution
		SolutionGuid = {1269820E-3DBE-46B5-864B-97160881C71A}
	EndGlobalSection
EndGlobal
